
Microsoft Visual Studio Solution File, Format Version 12.00
# Visual Studio Version 17
VisualStudioVersion = 17.6.33829.357
MinimumVisualStudioVersion = 10.0.40219.1
Project("{888888A0-9F3D-457C-B088-3A5042F75D52}") = "open_clip", "open_clip.pyproj", "{24A0AD6F-C932-43B1-9269-7283F5CDB141}"
EndProject
Global
	GlobalSection(SolutionConfigurationPlatforms) = preSolution
		Debug|Any CPU = Debug|Any CPU
		Release|Any CPU = Release|Any CPU
	EndGlobalSection
	GlobalSection(ProjectConfigurationPlatforms) = postSolution
		{24A0AD6F-C932-43B1-9269-7283F5CDB141}.Debug|Any CPU.ActiveCfg = Debug|Any CPU
		{24A0AD6F-C932-43B1-9269-7283F5CDB141}.Release|Any CPU.ActiveCfg = Release|Any CPU
	EndGlobalSection
	GlobalSection(SolutionProperties) = preSolution
		HideSolutionNode = FALSE
	EndGlobalSection
	GlobalSection(ExtensibilityGlobals) = postSolution
		SolutionGuid = {EAEDA9C1-FB6C-49F9-B35E-40752429EAD3}
	EndGlobalSection
EndGlobal
